
Microsoft Visual Studio Solution File, Format Version 12.00
# Visual Studio Version 16
VisualStudioVersion = 16.0.31515.178
MinimumVisualStudioVersion = 10.0.40219.1
Project("{9A19103F-16F7-4668-BE54-9A1E7A4F7556}") = "SpotifyTestProject", "SpotifyTestProject\SpotifyTestProject.csproj", "{AE404CF4-DD5D-42D6-9D3E-F95D309DA74A}"
EndProject
Project("{9A19103F-16F7-4668-BE54-9A1E7A4F7556}") = "PostTestProject", "PostTestProject\PostTestProject.csproj", "{735AE2B0-566A-470F-9F03-937157C567D9}"
EndProject
Project("{FAE04EC0-301F-11D3-BF4B-00C04F79EFBC}") = "TestPutProject", "TestPutProject\TestPutProject.csproj", "{71888D37-84AB-44F2-80C4-11C8A7158DC8}"
EndProject
Project("{FAE04EC0-301F-11D3-BF4B-00C04F79EFBC}") = "TestDeleteProject", "TestDeleteProject\TestDeleteProject.csproj", "{7281983F-2417-470A-88A4-3B56A5C8D598}"
EndProject
Global
	GlobalSection(SolutionConfigurationPlatforms) = preSolution
		Debug|Any CPU = Debug|Any CPU
		Release|Any CPU = Release|Any CPU
	EndGlobalSection
	GlobalSection(ProjectConfigurationPlatforms) = postSolution
		{AE404CF4-DD5D-42D6-9D3E-F95D309DA74A}.Debug|Any CPU.ActiveCfg = Debug|Any CPU
		{AE404CF4-DD5D-42D6-9D3E-F95D309DA74A}.Debug|Any CPU.Build.0 = Debug|Any CPU
		{AE404CF4-DD5D-42D6-9D3E-F95D309DA74A}.Release|Any CPU.ActiveCfg = Release|Any CPU
		{AE404CF4-DD5D-42D6-9D3E-F95D309DA74A}.Release|Any CPU.Build.0 = Release|Any CPU
		{735AE2B0-566A-470F-9F03-937157C567D9}.Debug|Any CPU.ActiveCfg = Debug|Any CPU
		{735AE2B0-566A-470F-9F03-937157C567D9}.Debug|Any CPU.Build.0 = Debug|Any CPU
		{735AE2B0-566A-470F-9F03-937157C567D9}.Release|Any CPU.ActiveCfg = Release|Any CPU
		{735AE2B0-566A-470F-9F03-937157C567D9}.Release|Any CPU.Build.0 = Release|Any CPU
		{71888D37-84AB-44F2-80C4-11C8A7158DC8}.Debug|Any CPU.ActiveCfg = Debug|Any CPU
		{71888D37-84AB-44F2-80C4-11C8A7158DC8}.Debug|Any CPU.Build.0 = Debug|Any CPU
		{71888D37-84AB-44F2-80C4-11C8A7158DC8}.Release|Any CPU.ActiveCfg = Release|Any CPU
		{71888D37-84AB-44F2-80C4-11C8A7158DC8}.Release|Any CPU.Build.0 = Release|Any CPU
		{7281983F-2417-470A-88A4-3B56A5C8D598}.Debug|Any CPU.ActiveCfg = Debug|Any CPU
		{7281983F-2417-470A-88A4-3B56A5C8D598}.Debug|Any CPU.Build.0 = Debug|Any CPU
		{7281983F-2417-470A-88A4-3B56A5C8D598}.Release|Any CPU.ActiveCfg = Release|Any CPU
		{7281983F-2417-470A-88A4-3B56A5C8D598}.Release|Any CPU.Build.0 = Release|Any CPU
	EndGlobalSection
	GlobalSection(SolutionProperties) = preSolution
		HideSolutionNode = FALSE
	EndGlobalSection
	GlobalSection(ExtensibilityGlobals) = postSolution
		SolutionGuid = {E455FDB7-0D84-4C06-8C45-0269027DCA11}
	EndGlobalSection
EndGlobal
